
Microsoft Visual Studio Solution File, Format Version 12.00
Project("{FAE04EC0-301F-11D3-BF4B-00C04F79EFBC}") = "ERP.Domain", "ERP.Domain\ERP.Domain.csproj", "{33DA89B9-F48A-48C5-AD02-3E783CD76E3B}"
EndProject
Project("{FAE04EC0-301F-11D3-BF4B-00C04F79EFBC}") = "ERP.ER", "ERP.ER\ERP.ER.csproj", "{6570D4AE-41EA-46A5-AF5B-B4C3A1735A44}"
EndProject
Global
	GlobalSection(SolutionConfigurationPlatforms) = preSolution
		Debug|Any CPU = Debug|Any CPU
		Release|Any CPU = Release|Any CPU
	EndGlobalSection
	GlobalSection(ProjectConfigurationPlatforms) = postSolution
		{33DA89B9-F48A-48C5-AD02-3E783CD76E3B}.Debug|Any CPU.ActiveCfg = Debug|Any CPU
		{33DA89B9-F48A-48C5-AD02-3E783CD76E3B}.Debug|Any CPU.Build.0 = Debug|Any CPU
		{33DA89B9-F48A-48C5-AD02-3E783CD76E3B}.Release|Any CPU.ActiveCfg = Release|Any CPU
		{33DA89B9-F48A-48C5-AD02-3E783CD76E3B}.Release|Any CPU.Build.0 = Release|Any CPU
		{6570D4AE-41EA-46A5-AF5B-B4C3A1735A44}.Debug|Any CPU.ActiveCfg = Debug|Any CPU
		{6570D4AE-41EA-46A5-AF5B-B4C3A1735A44}.Debug|Any CPU.Build.0 = Debug|Any CPU
		{6570D4AE-41EA-46A5-AF5B-B4C3A1735A44}.Release|Any CPU.ActiveCfg = Release|Any CPU
		{6570D4AE-41EA-46A5-AF5B-B4C3A1735A44}.Release|Any CPU.Build.0 = Release|Any CPU
	EndGlobalSection
EndGlobal
